
Microsoft Visual Studio Solution File, Format Version 12.00
# Visual Studio 15
VisualStudioVersion = 15.0.27703.2000
MinimumVisualStudioVersion = 10.0.40219.1
Project("{FAE04EC0-301F-11D3-BF4B-00C04F79EFBC}") = "ProjetConsole", "ProjetConsole\ProjetConsole.csproj", "{4786CF19-2A7B-4AC0-A9EB-7F3B744EF7BC}"
EndProject
Global
	GlobalSection(SolutionConfigurationPlatforms) = preSolution
		Debug|Any CPU = Debug|Any CPU
		Release|Any CPU = Release|Any CPU
	EndGlobalSection
	GlobalSection(ProjectConfigurationPlatforms) = postSolution
		{4786CF19-2A7B-4AC0-A9EB-7F3B744EF7BC}.Debug|Any CPU.ActiveCfg = Debug|Any CPU
		{4786CF19-2A7B-4AC0-A9EB-7F3B744EF7BC}.Debug|Any CPU.Build.0 = Debug|Any CPU
		{4786CF19-2A7B-4AC0-A9EB-7F3B744EF7BC}.Release|Any CPU.ActiveCfg = Release|Any CPU
		{4786CF19-2A7B-4AC0-A9EB-7F3B744EF7BC}.Release|Any CPU.Build.0 = Release|Any CPU
	EndGlobalSection
	GlobalSection(SolutionProperties) = preSolution
		HideSolutionNode = FALSE
	EndGlobalSection
	GlobalSection(ExtensibilityGlobals) = postSolution
		SolutionGuid = {AD7F97DF-D2D0-4D24-88CD-650F33C7E96E}
	EndGlobalSection
EndGlobal
